
Microsoft Visual Studio Solution File, Format Version 12.00
# Visual Studio Version 16
VisualStudioVersion = 16.0.31410.357
MinimumVisualStudioVersion = 10.0.40219.1
Project("{FAE04EC0-301F-11D3-BF4B-00C04F79EFBC}") = "Compagnie ATLANTIK", "Compagnie ATLANTIK.csproj", "{9615F6F0-CB60-4489-8A2C-2F4047D2796A}"
EndProject
Global
	GlobalSection(SolutionConfigurationPlatforms) = preSolution
		Debug|Any CPU = Debug|Any CPU
		Release|Any CPU = Release|Any CPU
	EndGlobalSection
	GlobalSection(ProjectConfigurationPlatforms) = postSolution
		{9615F6F0-CB60-4489-8A2C-2F4047D2796A}.Debug|Any CPU.ActiveCfg = Debug|Any CPU
		{9615F6F0-CB60-4489-8A2C-2F4047D2796A}.Debug|Any CPU.Build.0 = Debug|Any CPU
		{9615F6F0-CB60-4489-8A2C-2F4047D2796A}.Release|Any CPU.ActiveCfg = Release|Any CPU
		{9615F6F0-CB60-4489-8A2C-2F4047D2796A}.Release|Any CPU.Build.0 = Release|Any CPU
	EndGlobalSection
	GlobalSection(SolutionProperties) = preSolution
		HideSolutionNode = FALSE
	EndGlobalSection
	GlobalSection(ExtensibilityGlobals) = postSolution
		SolutionGuid = {C500B145-7A4D-4BAA-896D-97662117BAE5}
	EndGlobalSection
EndGlobal
